
Microsoft Visual Studio Solution File, Format Version 12.00
# Visual Studio 2013
VisualStudioVersion = 12.0.30501.0
MinimumVisualStudioVersion = 10.0.40219.1
Project("{8BC9CEB8-8B4A-11D0-8D11-00A0C91BC942}") = "RTX_Kinect", "RTX_Kinect\RTX_Kinect.vcxproj", "{BC660486-881B-4E87-8AFF-1AA9034A77B0}"
EndProject
Global
	GlobalSection(TeamFoundationVersionControl) = preSolution
		SccNumberOfProjects = 2
		SccEnterpriseProvider = {4CA58AB2-18FA-4F8D-95D4-32DDF27D184C}
		SccTeamFoundationServer = https://disotell.visualstudio.com/defaultcollection
		SccLocalPath0 = .
		SccProjectUniqueName1 = RTX_Kinect\\RTX_Kinect.vcxproj
		SccProjectName1 = RTX_Kinect
		SccLocalPath1 = RTX_Kinect
	EndGlobalSection
	GlobalSection(SolutionConfigurationPlatforms) = preSolution
		Debug|Win32 = Debug|Win32
		Release|Win32 = Release|Win32
	EndGlobalSection
	GlobalSection(ProjectConfigurationPlatforms) = postSolution
		{BC660486-881B-4E87-8AFF-1AA9034A77B0}.Debug|Win32.ActiveCfg = Debug|Win32
		{BC660486-881B-4E87-8AFF-1AA9034A77B0}.Debug|Win32.Build.0 = Debug|Win32
		{BC660486-881B-4E87-8AFF-1AA9034A77B0}.Debug|Win32.Deploy.0 = Debug|Win32
		{BC660486-881B-4E87-8AFF-1AA9034A77B0}.Release|Win32.ActiveCfg = Release|Win32
		{BC660486-881B-4E87-8AFF-1AA9034A77B0}.Release|Win32.Build.0 = Release|Win32
	EndGlobalSection
	GlobalSection(SolutionProperties) = preSolution
		HideSolutionNode = FALSE
	EndGlobalSection
EndGlobal
